
Microsoft Visual Studio Solution File, Format Version 12.00
Project("{FAE04EC0-301F-11D3-BF4B-00C04F79EFBC}") = "AnalogTrelloBE", "AnalogTrelloBE\AnalogTrelloBE.csproj", "{DF2E10BE-398B-4E00-BBC4-D3099AA0CDCC}"
EndProject
Global
	GlobalSection(SolutionConfigurationPlatforms) = preSolution
		Debug|Any CPU = Debug|Any CPU
		Release|Any CPU = Release|Any CPU
	EndGlobalSection
	GlobalSection(ProjectConfigurationPlatforms) = postSolution
		{DF2E10BE-398B-4E00-BBC4-D3099AA0CDCC}.Debug|Any CPU.ActiveCfg = Debug|Any CPU
		{DF2E10BE-398B-4E00-BBC4-D3099AA0CDCC}.Debug|Any CPU.Build.0 = Debug|Any CPU
		{DF2E10BE-398B-4E00-BBC4-D3099AA0CDCC}.Release|Any CPU.ActiveCfg = Release|Any CPU
		{DF2E10BE-398B-4E00-BBC4-D3099AA0CDCC}.Release|Any CPU.Build.0 = Release|Any CPU
	EndGlobalSection
EndGlobal
